
Microsoft Visual Studio Solution File, Format Version 12.00
# Visual Studio 15
VisualStudioVersion = 15.0.26730.8
MinimumVisualStudioVersion = 10.0.40219.1
Project("{F184B08F-C81C-45F6-A57F-5ABD9991F28F}") = "PuppyBreath", "PuppyBreath.vbproj", "{1919AA97-6648-44E6-B5BC-EB5B4217A4B5}"
EndProject
Global
	GlobalSection(SolutionConfigurationPlatforms) = preSolution
		Debug|Any CPU = Debug|Any CPU
		Release|Any CPU = Release|Any CPU
	EndGlobalSection
	GlobalSection(ProjectConfigurationPlatforms) = postSolution
		{1919AA97-6648-44E6-B5BC-EB5B4217A4B5}.Debug|Any CPU.ActiveCfg = Debug|Any CPU
		{1919AA97-6648-44E6-B5BC-EB5B4217A4B5}.Debug|Any CPU.Build.0 = Debug|Any CPU
		{1919AA97-6648-44E6-B5BC-EB5B4217A4B5}.Release|Any CPU.ActiveCfg = Release|Any CPU
		{1919AA97-6648-44E6-B5BC-EB5B4217A4B5}.Release|Any CPU.Build.0 = Release|Any CPU
	EndGlobalSection
	GlobalSection(SolutionProperties) = preSolution
		HideSolutionNode = FALSE
	EndGlobalSection
	GlobalSection(ExtensibilityGlobals) = postSolution
		SolutionGuid = {BC0A8CB4-4D34-42DC-85C6-3A88F6D89370}
	EndGlobalSection
EndGlobal
